
Microsoft Visual Studio Solution File, Format Version 12.00
# Visual Studio Version 16
VisualStudioVersion = 16.0.30907.101
MinimumVisualStudioVersion = 10.0.40219.1
Project("{FAE04EC0-301F-11D3-BF4B-00C04F79EFBC}") = "RomanNumeralConverter", "RomanNumeralConverter\RomanNumeralConverter.csproj", "{14B490EC-B928-4329-AB7F-7042A23DDC7D}"
EndProject
Global
	GlobalSection(SolutionConfigurationPlatforms) = preSolution
		Debug|Any CPU = Debug|Any CPU
		Release|Any CPU = Release|Any CPU
	EndGlobalSection
	GlobalSection(ProjectConfigurationPlatforms) = postSolution
		{14B490EC-B928-4329-AB7F-7042A23DDC7D}.Debug|Any CPU.ActiveCfg = Debug|Any CPU
		{14B490EC-B928-4329-AB7F-7042A23DDC7D}.Debug|Any CPU.Build.0 = Debug|Any CPU
		{14B490EC-B928-4329-AB7F-7042A23DDC7D}.Release|Any CPU.ActiveCfg = Release|Any CPU
		{14B490EC-B928-4329-AB7F-7042A23DDC7D}.Release|Any CPU.Build.0 = Release|Any CPU
	EndGlobalSection
	GlobalSection(SolutionProperties) = preSolution
		HideSolutionNode = FALSE
	EndGlobalSection
	GlobalSection(ExtensibilityGlobals) = postSolution
		SolutionGuid = {13AD948F-576C-4202-A1B9-49410AEC3FA1}
	EndGlobalSection
EndGlobal
